
Microsoft Visual Studio Solution File, Format Version 12.00
# Visual Studio Version 17
VisualStudioVersion = 17.0.31903.59
MinimumVisualStudioVersion = 10.0.40219.1
Project("{FAE04EC0-301F-11D3-BF4B-00C04F79EFBC}") = "AoC2021", "AoC2021.csproj", "{172B5610-087E-4B80-9C1C-02B65707DA47}"
EndProject
Global
	GlobalSection(SolutionConfigurationPlatforms) = preSolution
		Debug|Any CPU = Debug|Any CPU
		Release|Any CPU = Release|Any CPU
	EndGlobalSection
	GlobalSection(ProjectConfigurationPlatforms) = postSolution
		{172B5610-087E-4B80-9C1C-02B65707DA47}.Debug|Any CPU.ActiveCfg = Debug|Any CPU
		{172B5610-087E-4B80-9C1C-02B65707DA47}.Debug|Any CPU.Build.0 = Debug|Any CPU
		{172B5610-087E-4B80-9C1C-02B65707DA47}.Release|Any CPU.ActiveCfg = Release|Any CPU
		{172B5610-087E-4B80-9C1C-02B65707DA47}.Release|Any CPU.Build.0 = Release|Any CPU
	EndGlobalSection
	GlobalSection(SolutionProperties) = preSolution
		HideSolutionNode = FALSE
	EndGlobalSection
	GlobalSection(ExtensibilityGlobals) = postSolution
		SolutionGuid = {91BBF611-D624-4729-A40B-08586904EA5F}
	EndGlobalSection
EndGlobal
